
Microsoft Visual Studio Solution File, Format Version 12.00
# Visual Studio Version 16
VisualStudioVersion = 16.0.30804.86
MinimumVisualStudioVersion = 10.0.40219.1
Project("{FAE04EC0-301F-11D3-BF4B-00C04F79EFBC}") = "UserNRolesBase", "UserNRolesBase\UserNRolesBase.csproj", "{2A5CF4EC-7B71-4E71-8E04-EF8EA4CD111A}"
EndProject
Global
	GlobalSection(SolutionConfigurationPlatforms) = preSolution
		Debug|Any CPU = Debug|Any CPU
		Release|Any CPU = Release|Any CPU
	EndGlobalSection
	GlobalSection(ProjectConfigurationPlatforms) = postSolution
		{2A5CF4EC-7B71-4E71-8E04-EF8EA4CD111A}.Debug|Any CPU.ActiveCfg = Debug|Any CPU
		{2A5CF4EC-7B71-4E71-8E04-EF8EA4CD111A}.Debug|Any CPU.Build.0 = Debug|Any CPU
		{2A5CF4EC-7B71-4E71-8E04-EF8EA4CD111A}.Release|Any CPU.ActiveCfg = Release|Any CPU
		{2A5CF4EC-7B71-4E71-8E04-EF8EA4CD111A}.Release|Any CPU.Build.0 = Release|Any CPU
	EndGlobalSection
	GlobalSection(SolutionProperties) = preSolution
		HideSolutionNode = FALSE
	EndGlobalSection
	GlobalSection(ExtensibilityGlobals) = postSolution
		SolutionGuid = {F9B790FC-8CC9-46BC-8328-C2983BC8ABE7}
	EndGlobalSection
EndGlobal
